
Microsoft Visual Studio Solution File, Format Version 12.00
# Visual Studio Version 17
VisualStudioVersion = 17.7.34031.279
MinimumVisualStudioVersion = 10.0.40219.1
Project("{9A19103F-16F7-4668-BE54-9A1E7A4F7556}") = "ArtikulliWpf", "ArtikulliWpf\ArtikulliWpf.csproj", "{D6723FF0-70A6-405F-8543-B829BAF5FC8B}"
EndProject
Project("{9A19103F-16F7-4668-BE54-9A1E7A4F7556}") = "ArtikullServices", "ArtikullServices\ArtikullServices.csproj", "{C7323852-33FF-4FF0-8B91-46F5E57C1C38}"
EndProject
Global
	GlobalSection(SolutionConfigurationPlatforms) = preSolution
		Debug|Any CPU = Debug|Any CPU
		Release|Any CPU = Release|Any CPU
	EndGlobalSection
	GlobalSection(ProjectConfigurationPlatforms) = postSolution
		{D6723FF0-70A6-405F-8543-B829BAF5FC8B}.Debug|Any CPU.ActiveCfg = Debug|Any CPU
		{D6723FF0-70A6-405F-8543-B829BAF5FC8B}.Debug|Any CPU.Build.0 = Debug|Any CPU
		{D6723FF0-70A6-405F-8543-B829BAF5FC8B}.Release|Any CPU.ActiveCfg = Release|Any CPU
		{D6723FF0-70A6-405F-8543-B829BAF5FC8B}.Release|Any CPU.Build.0 = Release|Any CPU
		{C7323852-33FF-4FF0-8B91-46F5E57C1C38}.Debug|Any CPU.ActiveCfg = Debug|Any CPU
		{C7323852-33FF-4FF0-8B91-46F5E57C1C38}.Debug|Any CPU.Build.0 = Debug|Any CPU
		{C7323852-33FF-4FF0-8B91-46F5E57C1C38}.Release|Any CPU.ActiveCfg = Release|Any CPU
		{C7323852-33FF-4FF0-8B91-46F5E57C1C38}.Release|Any CPU.Build.0 = Release|Any CPU
	EndGlobalSection
	GlobalSection(SolutionProperties) = preSolution
		HideSolutionNode = FALSE
	EndGlobalSection
	GlobalSection(ExtensibilityGlobals) = postSolution
		SolutionGuid = {1DD41FA7-83C5-48B1-9E7E-53EB3410C4B6}
	EndGlobalSection
EndGlobal
